// !$*UTF8*$!
{
	archiveVersion = 1;
	classes = {
	};
	objectVersion = 46;
	objects = {

/* Begin PBXBuildFile section */
		7D2F36E6BA3402DA070A2ED8 /* libPods.a in Frameworks */ = {isa = PBXBuildFile; fileRef = 2BA1F2C016D1D14BABF11E90 /* libPods.a */; };
		9B08FA341B98A30D0094E2F7 /* PizzaPlaces.xcdatamodeld in Sources */ = {isa = PBXBuildFile; fileRef = 9B08FA321B98A30D0094E2F7 /* PizzaPlaces.xcdatamodeld */; };
		9B08FA371B98A3C40094E2F7 /* PizzaRestaurant.m in Sources */ = {isa = PBXBuildFile; fileRef = 9B08FA361B98A3C40094E2F7 /* PizzaRestaurant.m */; };
		9B08FA3D1B98B26D0094E2F7 /* UIPizzaPlaceDetailsViewController.m in Sources */ = {isa = PBXBuildFile; fileRef = 9B08FA3C1B98B26D0094E2F7 /* UIPizzaPlaceDetailsViewController.m */; };
		9B08FA3F1B98BA3D0094E2F7 /* FoursquareProxy.m in Sources */ = {isa = PBXBuildFile; fileRef = 9B08FA3E1B98BA3D0094E2F7 /* FoursquareProxy.m */; };
		9B08FA421B98BB4D0094E2F7 /* CoreHelper.m in Sources */ = {isa = PBXBuildFile; fileRef = 9B08FA411B98BB4D0094E2F7 /* CoreHelper.m */; };
		9BCBBD1E1B9890F80062E1FB /* main.m in Sources */ = {isa = PBXBuildFile; fileRef = 9BCBBD1D1B9890F80062E1FB /* main.m */; };
		9BCBBD211B9890F80062E1FB /* AppDelegate.m in Sources */ = {isa = PBXBuildFile; fileRef = 9BCBBD201B9890F80062E1FB /* AppDelegate.m */; };
		9BCBBD2A1B9890F80062E1FB /* Main.storyboard in Resources */ = {isa = PBXBuildFile; fileRef = 9BCBBD281B9890F80062E1FB /* Main.storyboard */; };
		9BCBBD2C1B9890F80062E1FB /* Images.xcassets in Resources */ = {isa = PBXBuildFile; fileRef = 9BCBBD2B1B9890F80062E1FB /* Images.xcassets */; };
		9BCBBD2F1B9890F80062E1FB /* LaunchScreen.xib in Resources */ = {isa = PBXBuildFile; fileRef = 9BCBBD2D1B9890F80062E1FB /* LaunchScreen.xib */; };
		9BCBBD3B1B9890F80062E1FB /* PizzaPlaceTests.m in Sources */ = {isa = PBXBuildFile; fileRef = 9BCBBD3A1B9890F80062E1FB /* PizzaPlaceTests.m */; };
		9BCBBD4A1B9892E30062E1FB /* RestaurantCell.xib in Resources */ = {isa = PBXBuildFile; fileRef = 9BCBBD491B9892E30062E1FB /* RestaurantCell.xib */; };
		9BCBBD4D1B98933C0062E1FB /* RestaurantCell.m in Sources */ = {isa = PBXBuildFile; fileRef = 9BCBBD4C1B98933C0062E1FB /* RestaurantCell.m */; };
		9BCBBD501B98940B0062E1FB /* RestaurantsViewController.m in Sources */ = {isa = PBXBuildFile; fileRef = 9BCBBD4F1B98940B0062E1FB /* RestaurantsViewController.m */; };
		9BCBBD521B9895F80062E1FB /* New_York_Trip.gpx in Resources */ = {isa = PBXBuildFile; fileRef = 9BCBBD511B9895F80062E1FB /* New_York_Trip.gpx */; };
		9BCBBD551B9897380062E1FB /* Podfile in Resources */ = {isa = PBXBuildFile; fileRef = 9BCBBD541B9897380062E1FB /* Podfile */; };
/* End PBXBuildFile section */

/* Begin PBXContainerItemProxy section */
		9BCBBD351B9890F80062E1FB /* PBXContainerItemProxy */ = {
			isa = PBXContainerItemProxy;
			containerPortal = 9BCBBD101B9890F80062E1FB /* Project object */;
			proxyType = 1;
			remoteGlobalIDString = 9BCBBD171B9890F80062E1FB;
			remoteInfo = PizzaPlace;
		};
/* End PBXContainerItemProxy section */

/* Begin PBXFileReference section */
		2BA1F2C016D1D14BABF11E90 /* libPods.a */ = {isa = PBXFileReference; explicitFileType = archive.ar; includeInIndex = 0; path = libPods.a; sourceTree = BUILT_PRODUCTS_DIR; };
		9B08FA2E1B98989F0094E2F7 /* Constants.h */ = {isa = PBXFileReference; lastKnownFileType = sourcecode.c.h; path = Constants.h; sourceTree = "<group>"; };
		9B08FA2F1B989AF80094E2F7 /* FoursquareProxy.h */ = {isa = PBXFileReference; lastKnownFileType = sourcecode.c.h; path = FoursquareProxy.h; sourceTree = "<group>"; };
		9B08FA331B98A30D0094E2F7 /* PizzaPlaces.xcdatamodel */ = {isa = PBXFileReference; lastKnownFileType = wrapper.xcdatamodel; path = PizzaPlaces.xcdatamodel; sourceTree = "<group>"; };
		9B08FA351B98A3C40094E2F7 /* PizzaRestaurant.h */ = {isa = PBXFileReference; fileEncoding = 4; lastKnownFileType = sourcecode.c.h; path = PizzaRestaurant.h; sourceTree = "<group>"; };
		9B08FA361B98A3C40094E2F7 /* PizzaRestaurant.m */ = {isa = PBXFileReference; fileEncoding = 4; lastKnownFileType = sourcecode.c.objc; path = PizzaRestaurant.m; sourceTree = "<group>"; };
		9B08FA3B1B98B26D0094E2F7 /* UIPizzaPlaceDetailsViewController.h */ = {isa = PBXFileReference; fileEncoding = 4; lastKnownFileType = sourcecode.c.h; path = UIPizzaPlaceDetailsViewController.h; sourceTree = "<group>"; };
		9B08FA3C1B98B26D0094E2F7 /* UIPizzaPlaceDetailsViewController.m */ = {isa = PBXFileReference; fileEncoding = 4; lastKnownFileType = sourcecode.c.objc; path = UIPizzaPlaceDetailsViewController.m; sourceTree = "<group>"; };
		9B08FA3E1B98BA3D0094E2F7 /* FoursquareProxy.m */ = {isa = PBXFileReference; fileEncoding = 4; lastKnownFileType = sourcecode.c.objc; path = FoursquareProxy.m; sourceTree = "<group>"; };
		9B08FA401B98BB4D0094E2F7 /* CoreHelper.h */ = {isa = PBXFileReference; fileEncoding = 4; lastKnownFileType = sourcecode.c.h; path = CoreHelper.h; sourceTree = "<group>"; };
		9B08FA411B98BB4D0094E2F7 /* CoreHelper.m */ = {isa = PBXFileReference; fileEncoding = 4; lastKnownFileType = sourcecode.c.objc; path = CoreHelper.m; sourceTree = "<group>"; };
		9BCBBD181B9890F80062E1FB /* PizzaPlace.app */ = {isa = PBXFileReference; explicitFileType = wrapper.application; includeInIndex = 0; path = PizzaPlace.app; sourceTree = BUILT_PRODUCTS_DIR; };
		9BCBBD1C1B9890F80062E1FB /* Info.plist */ = {isa = PBXFileReference; lastKnownFileType = text.plist.xml; path = Info.plist; sourceTree = "<group>"; };
		9BCBBD1D1B9890F80062E1FB /* main.m */ = {isa = PBXFileReference; lastKnownFileType = sourcecode.c.objc; path = main.m; sourceTree = "<group>"; };
		9BCBBD1F1B9890F80062E1FB /* AppDelegate.h */ = {isa = PBXFileReference; lastKnownFileType = sourcecode.c.h; path = AppDelegate.h; sourceTree = "<group>"; };
		9BCBBD201B9890F80062E1FB /* AppDelegate.m */ = {isa = PBXFileReference; lastKnownFileType = sourcecode.c.objc; path = AppDelegate.m; sourceTree = "<group>"; };
		9BCBBD291B9890F80062E1FB /* Base */ = {isa = PBXFileReference; lastKnownFileType = file.storyboard; name = Base; path = Base.lproj/Main.storyboard; sourceTree = "<group>"; };
		9BCBBD2B1B9890F80062E1FB /* Images.xcassets */ = {isa = PBXFileReference; lastKnownFileType = folder.assetcatalog; path = Images.xcassets; sourceTree = "<group>"; };
		9BCBBD2E1B9890F80062E1FB /* Base */ = {isa = PBXFileReference; lastKnownFileType = file.xib; name = Base; path = Base.lproj/LaunchScreen.xib; sourceTree = "<group>"; };
		9BCBBD341B9890F80062E1FB /* PizzaPlaceTests.xctest */ = {isa = PBXFileReference; explicitFileType = wrapper.cfbundle; includeInIndex = 0; path = PizzaPlaceTests.xctest; sourceTree = BUILT_PRODUCTS_DIR; };
		9BCBBD391B9890F80062E1FB /* Info.plist */ = {isa = PBXFileReference; lastKnownFileType = text.plist.xml; path = Info.plist; sourceTree = "<group>"; };
		9BCBBD3A1B9890F80062E1FB /* PizzaPlaceTests.m */ = {isa = PBXFileReference; lastKnownFileType = sourcecode.c.objc; path = PizzaPlaceTests.m; sourceTree = "<group>"; };
		9BCBBD491B9892E30062E1FB /* RestaurantCell.xib */ = {isa = PBXFileReference; fileEncoding = 4; lastKnownFileType = file.xib; path = RestaurantCell.xib; sourceTree = "<group>"; };
		9BCBBD4B1B98933C0062E1FB /* RestaurantCell.h */ = {isa = PBXFileReference; fileEncoding = 4; lastKnownFileType = sourcecode.c.h; path = RestaurantCell.h; sourceTree = "<group>"; };
		9BCBBD4C1B98933C0062E1FB /* RestaurantCell.m */ = {isa = PBXFileReference; fileEncoding = 4; lastKnownFileType = sourcecode.c.objc; path = RestaurantCell.m; sourceTree = "<group>"; };
		9BCBBD4E1B98940B0062E1FB /* RestaurantsViewController.h */ = {isa = PBXFileReference; fileEncoding = 4; lastKnownFileType = sourcecode.c.h; path = RestaurantsViewController.h; sourceTree = "<group>"; };
		9BCBBD4F1B98940B0062E1FB /* RestaurantsViewController.m */ = {isa = PBXFileReference; fileEncoding = 4; lastKnownFileType = sourcecode.c.objc; path = RestaurantsViewController.m; sourceTree = "<group>"; };
		9BCBBD511B9895F80062E1FB /* New_York_Trip.gpx */ = {isa = PBXFileReference; fileEncoding = 4; lastKnownFileType = text.xml; path = New_York_Trip.gpx; sourceTree = "<group>"; };
		9BCBBD541B9897380062E1FB /* Podfile */ = {isa = PBXFileReference; fileEncoding = 4; lastKnownFileType = text; path = Podfile; sourceTree = "<group>"; };
		D167517B3613F36F83AEE64E /* Pods.release.xcconfig */ = {isa = PBXFileReference; includeInIndex = 1; lastKnownFileType = text.xcconfig; name = Pods.release.xcconfig; path = "Pods/Target Support Files/Pods/Pods.release.xcconfig"; sourceTree = "<group>"; };
		F1576233726176639AF55988 /* Pods.debug.xcconfig */ = {isa = PBXFileReference; includeInIndex = 1; lastKnownFileType = text.xcconfig; name = Pods.debug.xcconfig; path = "Pods/Target Support Files/Pods/Pods.debug.xcconfig"; sourceTree = "<group>"; };
/* End PBXFileReference section */

/* Begin PBXFrameworksBuildPhase section */
		9BCBBD151B9890F80062E1FB /* Frameworks */ = {
			isa = PBXFrameworksBuildPhase;
			buildActionMask = 2147483647;
			files = (
				7D2F36E6BA3402DA070A2ED8 /* libPods.a in Frameworks */,
			);
			runOnlyForDeploymentPostprocessing = 0;
		};
		9BCBBD311B9890F80062E1FB /* Frameworks */ = {
			isa = PBXFrameworksBuildPhase;
			buildActionMask = 2147483647;
			files = (
			);
			runOnlyForDeploymentPostprocessing = 0;
		};
/* End PBXFrameworksBuildPhase section */

/* Begin PBXGroup section */
		9B08FA2B1B98985B0094E2F7 /* Auxiliar */ = {
			isa = PBXGroup;
			children = (
				9B08FA2E1B98989F0094E2F7 /* Constants.h */,
				9B08FA2F1B989AF80094E2F7 /* FoursquareProxy.h */,
				9B08FA3E1B98BA3D0094E2F7 /* FoursquareProxy.m */,
			);
			path = Auxiliar;
			sourceTree = "<group>";
		};
		9BCBBD0F1B9890F80062E1FB = {
			isa = PBXGroup;
			children = (
				9BCBBD541B9897380062E1FB /* Podfile */,
				9BCBBD1A1B9890F80062E1FB /* PizzaPlace */,
				9BCBBD371B9890F80062E1FB /* PizzaPlaceTests */,
				9BCBBD191B9890F80062E1FB /* Products */,
				F1D9C5F9138747618426256D /* Pods */,
				B7FD3E59000BCF13EE54CA35 /* Frameworks */,
			);
			sourceTree = "<group>";
		};
		9BCBBD191B9890F80062E1FB /* Products */ = {
			isa = PBXGroup;
			children = (
				9BCBBD181B9890F80062E1FB /* PizzaPlace.app */,
				9BCBBD341B9890F80062E1FB /* PizzaPlaceTests.xctest */,
			);
			name = Products;
			sourceTree = "<group>";
		};
		9BCBBD1A1B9890F80062E1FB /* PizzaPlace */ = {
			isa = PBXGroup;
			children = (
				9B08FA2B1B98985B0094E2F7 /* Auxiliar */,
				9BCBBD531B98963B0062E1FB /* CoreData */,
				9BCBBD441B9892B90062E1FB /* CustomCells */,
				9BCBBD451B9892B90062E1FB /* ViewControllers */,
				9BCBBD1F1B9890F80062E1FB /* AppDelegate.h */,
				9BCBBD201B9890F80062E1FB /* AppDelegate.m */,
				9BCBBD281B9890F80062E1FB /* Main.storyboard */,
				9BCBBD2B1B9890F80062E1FB /* Images.xcassets */,
				9BCBBD2D1B9890F80062E1FB /* LaunchScreen.xib */,
				9BCBBD1B1B9890F80062E1FB /* Supporting Files */,
			);
			path = PizzaPlace;
			sourceTree = "<group>";
		};
		9BCBBD1B1B9890F80062E1FB /* Supporting Files */ = {
			isa = PBXGroup;
			children = (
				9BCBBD511B9895F80062E1FB /* New_York_Trip.gpx */,
				9BCBBD1C1B9890F80062E1FB /* Info.plist */,
				9BCBBD1D1B9890F80062E1FB /* main.m */,
			);
			name = "Supporting Files";
			sourceTree = "<group>";
		};
		9BCBBD371B9890F80062E1FB /* PizzaPlaceTests */ = {
			isa = PBXGroup;
			children = (
				9BCBBD3A1B9890F80062E1FB /* PizzaPlaceTests.m */,
				9BCBBD381B9890F80062E1FB /* Supporting Files */,
			);
			path = PizzaPlaceTests;
			sourceTree = "<group>";
		};
		9BCBBD381B9890F80062E1FB /* Supporting Files */ = {
			isa = PBXGroup;
			children = (
				9BCBBD391B9890F80062E1FB /* Info.plist */,
			);
			name = "Supporting Files";
			sourceTree = "<group>";
		};
		9BCBBD441B9892B90062E1FB /* CustomCells */ = {
			isa = PBXGroup;
			children = (
				9BCBBD491B9892E30062E1FB /* RestaurantCell.xib */,
				9BCBBD4B1B98933C0062E1FB /* RestaurantCell.h */,
				9BCBBD4C1B98933C0062E1FB /* RestaurantCell.m */,
			);
			path = CustomCells;
			sourceTree = "<group>";
		};
		9BCBBD451B9892B90062E1FB /* ViewControllers */ = {
			isa = PBXGroup;
			children = (
				9BCBBD4E1B98940B0062E1FB /* RestaurantsViewController.h */,
				9BCBBD4F1B98940B0062E1FB /* RestaurantsViewController.m */,
				9B08FA3B1B98B26D0094E2F7 /* UIPizzaPlaceDetailsViewController.h */,
				9B08FA3C1B98B26D0094E2F7 /* UIPizzaPlaceDetailsViewController.m */,
			);
			path = ViewControllers;
			sourceTree = "<group>";
		};
		9BCBBD531B98963B0062E1FB /* CoreData */ = {
			isa = PBXGroup;
			children = (
				9B08FA401B98BB4D0094E2F7 /* CoreHelper.h */,
				9B08FA411B98BB4D0094E2F7 /* CoreHelper.m */,
				9B08FA321B98A30D0094E2F7 /* PizzaPlaces.xcdatamodeld */,
				9B08FA351B98A3C40094E2F7 /* PizzaRestaurant.h */,
				9B08FA361B98A3C40094E2F7 /* PizzaRestaurant.m */,
			);
			path = CoreData;
			sourceTree = "<group>";
		};
		B7FD3E59000BCF13EE54CA35 /* Frameworks */ = {
			isa = PBXGroup;
			children = (
				2BA1F2C016D1D14BABF11E90 /* libPods.a */,
			);
			name = Frameworks;
			sourceTree = "<group>";
		};
		F1D9C5F9138747618426256D /* Pods */ = {
			isa = PBXGroup;
			children = (
				F1576233726176639AF55988 /* Pods.debug.xcconfig */,
				D167517B3613F36F83AEE64E /* Pods.release.xcconfig */,
			);
			name = Pods;
			sourceTree = "<group>";
		};
/* End PBXGroup section */

/* Begin PBXNativeTarget section */
		9BCBBD171B9890F80062E1FB /* PizzaPlace */ = {
			isa = PBXNativeTarget;
			buildConfigurationList = 9BCBBD3E1B9890F80062E1FB /* Build configuration list for PBXNativeTarget "PizzaPlace" */;
			buildPhases = (
				86CEC99241E6928F9025A090 /* Check Pods Manifest.lock */,
				9BCBBD141B9890F80062E1FB /* Sources */,
				9BCBBD151B9890F80062E1FB /* Frameworks */,
				9BCBBD161B9890F80062E1FB /* Resources */,
				B2A302BCE1E63B458249E23B /* Copy Pods Resources */,
			);
			buildRules = (
			);
			dependencies = (
			);
			name = PizzaPlace;
			productName = PizzaPlace;
			productReference = 9BCBBD181B9890F80062E1FB /* PizzaPlace.app */;
			productType = "com.apple.product-type.application";
		};
		9BCBBD331B9890F80062E1FB /* PizzaPlaceTests */ = {
			isa = PBXNativeTarget;
			buildConfigurationList = 9BCBBD411B9890F80062E1FB /* Build configuration list for PBXNativeTarget "PizzaPlaceTests" */;
			buildPhases = (
				9BCBBD301B9890F80062E1FB /* Sources */,
				9BCBBD311B9890F80062E1FB /* Frameworks */,
				9BCBBD321B9890F80062E1FB /* Resources */,
			);
			buildRules = (
			);
			dependencies = (
				9BCBBD361B9890F80062E1FB /* PBXTargetDependency */,
			);
			name = PizzaPlaceTests;
			productName = PizzaPlaceTests;
			productReference = 9BCBBD341B9890F80062E1FB /* PizzaPlaceTests.xctest */;
			productType = "com.apple.product-type.bundle.unit-test";
		};
/* End PBXNativeTarget section */

/* Begin PBXProject section */
		9BCBBD101B9890F80062E1FB /* Project object */ = {
			isa = PBXProject;
			attributes = {
				LastUpgradeCheck = 0640;
				ORGANIZATIONNAME = "Anthony Figueroa";
				TargetAttributes = {
					9BCBBD171B9890F80062E1FB = {
						CreatedOnToolsVersion = 6.4;
					};
					9BCBBD331B9890F80062E1FB = {
						CreatedOnToolsVersion = 6.4;
						TestTargetID = 9BCBBD171B9890F80062E1FB;
					};
				};
			};
			buildConfigurationList = 9BCBBD131B9890F80062E1FB /* Build configuration list for PBXProject "PizzaPlace" */;
			compatibilityVersion = "Xcode 3.2";
			developmentRegion = English;
			hasScannedForEncodings = 0;
			knownRegions = (
				en,
				Base,
			);
			mainGroup = 9BCBBD0F1B9890F80062E1FB;
			productRefGroup = 9BCBBD191B9890F80062E1FB /* Products */;
			projectDirPath = "";
			projectRoot = "";
			targets = (
				9BCBBD171B9890F80062E1FB /* PizzaPlace */,
				9BCBBD331B9890F80062E1FB /* PizzaPlaceTests */,
			);
		};
/* End PBXProject section */

/* Begin PBXResourcesBuildPhase section */
		9BCBBD161B9890F80062E1FB /* Resources */ = {
			isa = PBXResourcesBuildPhase;
			buildActionMask = 2147483647;
			files = (
				9BCBBD551B9897380062E1FB /* Podfile in Resources */,
				9BCBBD521B9895F80062E1FB /* New_York_Trip.gpx in Resources */,
				9BCBBD4A1B9892E30062E1FB /* RestaurantCell.xib in Resources */,
				9BCBBD2A1B9890F80062E1FB /* Main.storyboard in Resources */,
				9BCBBD2F1B9890F80062E1FB /* LaunchScreen.xib in Resources */,
				9BCBBD2C1B9890F80062E1FB /* Images.xcassets in Resources */,
			);
			runOnlyForDeploymentPostprocessing = 0;
		};
		9BCBBD321B9890F80062E1FB /* Resources */ = {
			isa = PBXResourcesBuildPhase;
			buildActionMask = 2147483647;
			files = (
			);
			runOnlyForDeploymentPostprocessing = 0;
		};
/* End PBXResourcesBuildPhase section */

/* Begin PBXShellScriptBuildPhase section */
		86CEC99241E6928F9025A090 /* Check Pods Manifest.lock */ = {
			isa = PBXShellScriptBuildPhase;
			buildActionMask = 2147483647;
			files = (
			);
			inputPaths = (
			);
			name = "Check Pods Manifest.lock";
			outputPaths = (
			);
			runOnlyForDeploymentPostprocessing = 0;
			shellPath = /bin/sh;
			shellScript = "diff \"${PODS_ROOT}/../Podfile.lock\" \"${PODS_ROOT}/Manifest.lock\" > /dev/null\nif [[ $? != 0 ]] ; then\n    cat << EOM\nerror: The sandbox is not in sync with the Podfile.lock. Run 'pod install' or update your CocoaPods installation.\nEOM\n    exit 1\nfi\n";
			showEnvVarsInLog = 0;
		};
		B2A302BCE1E63B458249E23B /* Copy Pods Resources */ = {
			isa = PBXShellScriptBuildPhase;
			buildActionMask = 2147483647;
			files = (
			);
			inputPaths = (
			);
			name = "Copy Pods Resources";
			outputPaths = (
			);
			runOnlyForDeploymentPostprocessing = 0;
			shellPath = /bin/sh;
			shellScript = "\"${SRCROOT}/Pods/Target Support Files/Pods/Pods-resources.sh\"\n";
			showEnvVarsInLog = 0;
		};
/* End PBXShellScriptBuildPhase section */

/* Begin PBXSourcesBuildPhase section */
		9BCBBD141B9890F80062E1FB /* Sources */ = {
			isa = PBXSourcesBuildPhase;
			buildActionMask = 2147483647;
			files = (
				9B08FA3F1B98BA3D0094E2F7 /* FoursquareProxy.m in Sources */,
				9BCBBD4D1B98933C0062E1FB /* RestaurantCell.m in Sources */,
				9B08FA421B98BB4D0094E2F7 /* CoreHelper.m in Sources */,
				9BCBBD211B9890F80062E1FB /* AppDelegate.m in Sources */,
				9B08FA371B98A3C40094E2F7 /* PizzaRestaurant.m in Sources */,
				9B08FA341B98A30D0094E2F7 /* PizzaPlaces.xcdatamodeld in Sources */,
				9BCBBD501B98940B0062E1FB /* RestaurantsViewController.m in Sources */,
				9BCBBD1E1B9890F80062E1FB /* main.m in Sources */,
				9B08FA3D1B98B26D0094E2F7 /* UIPizzaPlaceDetailsViewController.m in Sources */,
			);
			runOnlyForDeploymentPostprocessing = 0;
		};
		9BCBBD301B9890F80062E1FB /* Sources */ = {
			isa = PBXSourcesBuildPhase;
			buildActionMask = 2147483647;
			files = (
				9BCBBD3B1B9890F80062E1FB /* PizzaPlaceTests.m in Sources */,
			);
			runOnlyForDeploymentPostprocessing = 0;
		};
/* End PBXSourcesBuildPhase section */

/* Begin PBXTargetDependency section */
		9BCBBD361B9890F80062E1FB /* PBXTargetDependency */ = {
			isa = PBXTargetDependency;
			target = 9BCBBD171B9890F80062E1FB /* PizzaPlace */;
			targetProxy = 9BCBBD351B9890F80062E1FB /* PBXContainerItemProxy */;
		};
/* End PBXTargetDependency section */

/* Begin PBXVariantGroup section */
		9BCBBD281B9890F80062E1FB /* Main.storyboard */ = {
			isa = PBXVariantGroup;
			children = (
				9BCBBD291B9890F80062E1FB /* Base */,
			);
			name = Main.storyboard;
			sourceTree = "<group>";
		};
		9BCBBD2D1B9890F80062E1FB /* LaunchScreen.xib */ = {
			isa = PBXVariantGroup;
			children = (
				9BCBBD2E1B9890F80062E1FB /* Base */,
			);
			name = LaunchScreen.xib;
			sourceTree = "<group>";
		};
/* End PBXVariantGroup section */

/* Begin XCBuildConfiguration section */
		9BCBBD3C1B9890F80062E1FB /* Debug */ = {
			isa = XCBuildConfiguration;
			buildSettings = {
				ALWAYS_SEARCH_USER_PATHS = NO;
				CLANG_CXX_LANGUAGE_STANDARD = "gnu++0x";
				CLANG_CXX_LIBRARY = "libc++";
				CLANG_ENABLE_MODULES = YES;
				CLANG_ENABLE_OBJC_ARC = YES;
				CLANG_WARN_BOOL_CONVERSION = YES;
				CLANG_WARN_CONSTANT_CONVERSION = YES;
				CLANG_WARN_DIRECT_OBJC_ISA_USAGE = YES_ERROR;
				CLANG_WARN_EMPTY_BODY = YES;
				CLANG_WARN_ENUM_CONVERSION = YES;
				CLANG_WARN_INT_CONVERSION = YES;
				CLANG_WARN_OBJC_ROOT_CLASS = YES_ERROR;
				CLANG_WARN_UNREACHABLE_CODE = YES;
				CLANG_WARN__DUPLICATE_METHOD_MATCH = YES;
				"CODE_SIGN_IDENTITY[sdk=iphoneos*]" = "iPhone Developer";
				COPY_PHASE_STRIP = NO;
				DEBUG_INFORMATION_FORMAT = "dwarf-with-dsym";
				ENABLE_STRICT_OBJC_MSGSEND = YES;
				GCC_C_LANGUAGE_STANDARD = gnu99;
				GCC_DYNAMIC_NO_PIC = NO;
				GCC_NO_COMMON_BLOCKS = YES;
				GCC_OPTIMIZATION_LEVEL = 0;
				GCC_PREPROCESSOR_DEFINITIONS = (
					"DEBUG=1",
					"$(inherited)",
				);
				GCC_SYMBOLS_PRIVATE_EXTERN = NO;
				GCC_WARN_64_TO_32_BIT_CONVERSION = YES;
				GCC_WARN_ABOUT_RETURN_TYPE = YES_ERROR;
				GCC_WARN_UNDECLARED_SELECTOR = YES;
				GCC_WARN_UNINITIALIZED_AUTOS = YES_AGGRESSIVE;
				GCC_WARN_UNUSED_FUNCTION = YES;
				GCC_WARN_UNUSED_VARIABLE = YES;
				IPHONEOS_DEPLOYMENT_TARGET = 8.4;
				MTL_ENABLE_DEBUG_INFO = YES;
				ONLY_ACTIVE_ARCH = YES;
				SDKROOT = iphoneos;
			};
			name = Debug;
		};
		9BCBBD3D1B9890F80062E1FB /* Release */ = {
			isa = XCBuildConfiguration;
			buildSettings = {
				ALWAYS_SEARCH_USER_PATHS = NO;
				CLANG_CXX_LANGUAGE_STANDARD = "gnu++0x";
				CLANG_CXX_LIBRARY = "libc++";
				CLANG_ENABLE_MODULES = YES;
				CLANG_ENABLE_OBJC_ARC = YES;
				CLANG_WARN_BOOL_CONVERSION = YES;
				CLANG_WARN_CONSTANT_CONVERSION = YES;
				CLANG_WARN_DIRECT_OBJC_ISA_USAGE = YES_ERROR;
				CLANG_WARN_EMPTY_BODY = YES;
				CLANG_WARN_ENUM_CONVERSION = YES;
				CLANG_WARN_INT_CONVERSION = YES;
				CLANG_WARN_OBJC_ROOT_CLASS = YES_ERROR;
				CLANG_WARN_UNREACHABLE_CODE = YES;
				CLANG_WARN__DUPLICATE_METHOD_MATCH = YES;
				"CODE_SIGN_IDENTITY[sdk=iphoneos*]" = "iPhone Developer";
				COPY_PHASE_STRIP = NO;
				DEBUG_INFORMATION_FORMAT = "dwarf-with-dsym";
				ENABLE_NS_ASSERTIONS = NO;
				ENABLE_STRICT_OBJC_MSGSEND = YES;
				GCC_C_LANGUAGE_STANDARD = gnu99;
				GCC_NO_COMMON_BLOCKS = YES;
				GCC_WARN_64_TO_32_BIT_CONVERSION = YES;
				GCC_WARN_ABOUT_RETURN_TYPE = YES_ERROR;
				GCC_WARN_UNDECLARED_SELECTOR = YES;
				GCC_WARN_UNINITIALIZED_AUTOS = YES_AGGRESSIVE;
				GCC_WARN_UNUSED_FUNCTION = YES;
				GCC_WARN_UNUSED_VARIABLE = YES;
				IPHONEOS_DEPLOYMENT_TARGET = 8.4;
				MTL_ENABLE_DEBUG_INFO = NO;
				SDKROOT = iphoneos;
				VALIDATE_PRODUCT = YES;
			};
			name = Release;
		};
		9BCBBD3F1B9890F80062E1FB /* Debug */ = {
			isa = XCBuildConfiguration;
			baseConfigurationReference = F1576233726176639AF55988 /* Pods.debug.xcconfig */;
			buildSettings = {
				ASSETCATALOG_COMPILER_APPICON_NAME = AppIcon;
				INFOPLIST_FILE = PizzaPlace/Info.plist;
				LD_RUNPATH_SEARCH_PATHS = "$(inherited) @executable_path/Frameworks";
				PRODUCT_NAME = "$(TARGET_NAME)";
			};
			name = Debug;
		};
		9BCBBD401B9890F80062E1FB /* Release */ = {
			isa = XCBuildConfiguration;
			baseConfigurationReference = D167517B3613F36F83AEE64E /* Pods.release.xcconfig */;
			buildSettings = {
				ASSETCATALOG_COMPILER_APPICON_NAME = AppIcon;
				INFOPLIST_FILE = PizzaPlace/Info.plist;
				LD_RUNPATH_SEARCH_PATHS = "$(inherited) @executable_path/Frameworks";
				PRODUCT_NAME = "$(TARGET_NAME)";
			};
			name = Release;
		};
		9BCBBD421B9890F80062E1FB /* Debug */ = {
			isa = XCBuildConfiguration;
			buildSettings = {
				BUNDLE_LOADER = "$(TEST_HOST)";
				FRAMEWORK_SEARCH_PATHS = (
					"$(SDKROOT)/Developer/Library/Frameworks",
					"$(inherited)",
				);
				GCC_PREPROCESSOR_DEFINITIONS = (
					"DEBUG=1",
					"$(inherited)",
				);
				INFOPLIST_FILE = PizzaPlaceTests/Info.plist;
				LD_RUNPATH_SEARCH_PATHS = "$(inherited) @executable_path/Frameworks @loader_path/Frameworks";
				PRODUCT_NAME = "$(TARGET_NAME)";
				TEST_HOST = "$(BUILT_PRODUCTS_DIR)/PizzaPlace.app/PizzaPlace";
			};
			name = Debug;
		};
		9BCBBD431B9890F80062E1FB /* Release */ = {
			isa = XCBuildConfiguration;
			buildSettings = {
				BUNDLE_LOADER = "$(TEST_HOST)";
				FRAMEWORK_SEARCH_PATHS = (
					"$(SDKROOT)/Developer/Library/Frameworks",
					"$(inherited)",
				);
				INFOPLIST_FILE = PizzaPlaceTests/Info.plist;
				LD_RUNPATH_SEARCH_PATHS = "$(inherited) @executable_path/Frameworks @loader_path/Frameworks";
				PRODUCT_NAME = "$(TARGET_NAME)";
				TEST_HOST = "$(BUILT_PRODUCTS_DIR)/PizzaPlace.app/PizzaPlace";
			};
			name = Release;
		};
/* End XCBuildConfiguration section */

/* Begin XCConfigurationList section */
		9BCBBD131B9890F80062E1FB /* Build configuration list for PBXProject "PizzaPlace" */ = {
			isa = XCConfigurationList;
			buildConfigurations = (
				9BCBBD3C1B9890F80062E1FB /* Debug */,
				9BCBBD3D1B9890F80062E1FB /* Release */,
			);
			defaultConfigurationIsVisible = 0;
			defaultConfigurationName = Release;
		};
		9BCBBD3E1B9890F80062E1FB /* Build configuration list for PBXNativeTarget "PizzaPlace" */ = {
			isa = XCConfigurationList;
			buildConfigurations = (
				9BCBBD3F1B9890F80062E1FB /* Debug */,
				9BCBBD401B9890F80062E1FB /* Release */,
			);
			defaultConfigurationIsVisible = 0;
			defaultConfigurationName = Release;
		};
		9BCBBD411B9890F80062E1FB /* Build configuration list for PBXNativeTarget "PizzaPlaceTests" */ = {
			isa = XCConfigurationList;
			buildConfigurations = (
				9BCBBD421B9890F80062E1FB /* Debug */,
				9BCBBD431B9890F80062E1FB /* Release */,
			);
			defaultConfigurationIsVisible = 0;
			defaultConfigurationName = Release;
		};
/* End XCConfigurationList section */

/* Begin XCVersionGroup section */
		9B08FA321B98A30D0094E2F7 /* PizzaPlaces.xcdatamodeld */ = {
			isa = XCVersionGroup;
			children = (
				9B08FA331B98A30D0094E2F7 /* PizzaPlaces.xcdatamodel */,
			);
			currentVersion = 9B08FA331B98A30D0094E2F7 /* PizzaPlaces.xcdatamodel */;
			path = PizzaPlaces.xcdatamodeld;
			sourceTree = "<group>";
			versionGroupType = wrapper.xcdatamodel;
		};
/* End XCVersionGroup section */
	};
	rootObject = 9BCBBD101B9890F80062E1FB /* Project object */;
}
